
Microsoft Visual Studio Solution File, Format Version 12.00
# Visual Studio Version 17
VisualStudioVersion = 17.7.34024.191
MinimumVisualStudioVersion = 10.0.40219.1
Project("{FAE04EC0-301F-11D3-BF4B-00C04F79EFBC}") = "BuyMyHouse", "BuyMyHouse\BuyMyHouse.csproj", "{03E44521-60DF-475A-A6DD-62439209C000}"
EndProject
Global
	GlobalSection(SolutionConfigurationPlatforms) = preSolution
		Debug|Any CPU = Debug|Any CPU
		Release|Any CPU = Release|Any CPU
	EndGlobalSection
	GlobalSection(ProjectConfigurationPlatforms) = postSolution
		{03E44521-60DF-475A-A6DD-62439209C000}.Debug|Any CPU.ActiveCfg = Debug|Any CPU
		{03E44521-60DF-475A-A6DD-62439209C000}.Debug|Any CPU.Build.0 = Debug|Any CPU
		{03E44521-60DF-475A-A6DD-62439209C000}.Release|Any CPU.ActiveCfg = Release|Any CPU
		{03E44521-60DF-475A-A6DD-62439209C000}.Release|Any CPU.Build.0 = Release|Any CPU
	EndGlobalSection
	GlobalSection(SolutionProperties) = preSolution
		HideSolutionNode = FALSE
	EndGlobalSection
	GlobalSection(ExtensibilityGlobals) = postSolution
		SolutionGuid = {EF9FA0E2-39A9-41A1-92F5-95FF74F70DFB}
	EndGlobalSection
EndGlobal
